
Microsoft Visual Studio Solution File, Format Version 12.00
# Visual Studio 2013
VisualStudioVersion = 12.0.31101.0
MinimumVisualStudioVersion = 10.0.40219.1
Project("{8BC9CEB8-8B4A-11D0-8D11-00A0C91BC942}") = "FileSystem", "FileSystem\FileSystem.vcxproj", "{43FCCB33-155A-419C-81F4-2CA19B89073A}"
EndProject
Project("{8BC9CEB8-8B4A-11D0-8D11-00A0C91BC942}") = "DataStructuresTests", "ListTests\ListTests.vcxproj", "{7889097C-030F-4DF3-A702-F4915C981AC6}"
EndProject
Project("{2150E333-8FDC-42A3-9474-1A3956D46DE8}") = "Solution Items", "Solution Items", "{F26F70C8-63D3-4DAC-B9A8-8FBFB6458FAD}"
EndProject
Global
	GlobalSection(SolutionConfigurationPlatforms) = preSolution
		Debug|Win32 = Debug|Win32
		Release|Win32 = Release|Win32
	EndGlobalSection
	GlobalSection(ProjectConfigurationPlatforms) = postSolution
		{43FCCB33-155A-419C-81F4-2CA19B89073A}.Debug|Win32.ActiveCfg = Debug|Win32
		{43FCCB33-155A-419C-81F4-2CA19B89073A}.Debug|Win32.Build.0 = Debug|Win32
		{43FCCB33-155A-419C-81F4-2CA19B89073A}.Release|Win32.ActiveCfg = Release|Win32
		{43FCCB33-155A-419C-81F4-2CA19B89073A}.Release|Win32.Build.0 = Release|Win32
		{7889097C-030F-4DF3-A702-F4915C981AC6}.Debug|Win32.ActiveCfg = Debug|Win32
		{7889097C-030F-4DF3-A702-F4915C981AC6}.Debug|Win32.Build.0 = Debug|Win32
		{7889097C-030F-4DF3-A702-F4915C981AC6}.Release|Win32.ActiveCfg = Release|Win32
		{7889097C-030F-4DF3-A702-F4915C981AC6}.Release|Win32.Build.0 = Release|Win32
	EndGlobalSection
	GlobalSection(SolutionProperties) = preSolution
		HideSolutionNode = FALSE
	EndGlobalSection
EndGlobal
